// !$*UTF8*$!
{
	archiveVersion = 1;
	classes = {
	};
	objectVersion = 50;
	objects = {

/* Begin PBXBuildFile section */
		9B24404422365EE1004A6E34 /* AppDelegate.m in Sources */ = {isa = PBXBuildFile; fileRef = 9B24404322365EE1004A6E34 /* AppDelegate.m */; };
		9B24404722365EE1004A6E34 /* ViewController.m in Sources */ = {isa = PBXBuildFile; fileRef = 9B24404622365EE1004A6E34 /* ViewController.m */; };
		9B24404A22365EE1004A6E34 /* Main.storyboard in Resources */ = {isa = PBXBuildFile; fileRef = 9B24404822365EE1004A6E34 /* Main.storyboard */; };
		9B24404C22365EE2004A6E34 /* Assets.xcassets in Resources */ = {isa = PBXBuildFile; fileRef = 9B24404B22365EE2004A6E34 /* Assets.xcassets */; };
		9B24404F22365EE2004A6E34 /* LaunchScreen.storyboard in Resources */ = {isa = PBXBuildFile; fileRef = 9B24404D22365EE2004A6E34 /* LaunchScreen.storyboard */; };
		9B24405222365EE2004A6E34 /* main.m in Sources */ = {isa = PBXBuildFile; fileRef = 9B24405122365EE2004A6E34 /* main.m */; };
		9B24405A223666AD004A6E34 /* DWAlbumManager.m in Sources */ = {isa = PBXBuildFile; fileRef = 9B244059223666AD004A6E34 /* DWAlbumManager.m */; };
		9B2EEA2F2289A75800D7B7FF /* DWImagePreviewController.bundle in Resources */ = {isa = PBXBuildFile; fileRef = 9B2EEA2E2289A75700D7B7FF /* DWImagePreviewController.bundle */; };
		9B83ED49225CD71A005A9125 /* icon.png in Resources */ = {isa = PBXBuildFile; fileRef = 9B83ED48225CD71A005A9125 /* icon.png */; };
		9B92B5FB22AE4D710028298A /* DWImageVideoView.m in Sources */ = {isa = PBXBuildFile; fileRef = 9B92B5FA22AE4D710028298A /* DWImageVideoView.m */; };
		9BCA5CC522684F2E002AA175 /* DWImagePreviewController.m in Sources */ = {isa = PBXBuildFile; fileRef = 9BCA5CC422684F2E002AA175 /* DWImagePreviewController.m */; };
		9BCA5CC822688DED002AA175 /* DWImagePreviewCell.m in Sources */ = {isa = PBXBuildFile; fileRef = 9BCA5CC722688DED002AA175 /* DWImagePreviewCell.m */; };
		9BFD273E225E3F81009B27D6 /* video.mp4 in Resources */ = {isa = PBXBuildFile; fileRef = 9BFD273D225E3EE6009B27D6 /* video.mp4 */; };
		9BFD274A22603089009B27D6 /* DWImagePickerController.m in Sources */ = {isa = PBXBuildFile; fileRef = 9BFD274922603089009B27D6 /* DWImagePickerController.m */; };
		AB99CF40775617CF102F6736 /* libPods-DWImagePickerController.a in Frameworks */ = {isa = PBXBuildFile; fileRef = B566239D1EDEE581E1FB6D38 /* libPods-DWImagePickerController.a */; };
/* End PBXBuildFile section */

/* Begin PBXFileReference section */
		1B5AD7AEBBF446E6566CD9B0 /* Pods-DWImagePickerController.release.xcconfig */ = {isa = PBXFileReference; includeInIndex = 1; lastKnownFileType = text.xcconfig; name = "Pods-DWImagePickerController.release.xcconfig"; path = "Pods/Target Support Files/Pods-DWImagePickerController/Pods-DWImagePickerController.release.xcconfig"; sourceTree = "<group>"; };
		979E10F113466871E73911E6 /* Pods-DWImagePickerController.debug.xcconfig */ = {isa = PBXFileReference; includeInIndex = 1; lastKnownFileType = text.xcconfig; name = "Pods-DWImagePickerController.debug.xcconfig"; path = "Pods/Target Support Files/Pods-DWImagePickerController/Pods-DWImagePickerController.debug.xcconfig"; sourceTree = "<group>"; };
		9B24403F22365EE1004A6E34 /* DWImagePickerController.app */ = {isa = PBXFileReference; explicitFileType = wrapper.application; includeInIndex = 0; path = DWImagePickerController.app; sourceTree = BUILT_PRODUCTS_DIR; };
		9B24404222365EE1004A6E34 /* AppDelegate.h */ = {isa = PBXFileReference; lastKnownFileType = sourcecode.c.h; path = AppDelegate.h; sourceTree = "<group>"; };
		9B24404322365EE1004A6E34 /* AppDelegate.m */ = {isa = PBXFileReference; lastKnownFileType = sourcecode.c.objc; path = AppDelegate.m; sourceTree = "<group>"; };
		9B24404522365EE1004A6E34 /* ViewController.h */ = {isa = PBXFileReference; lastKnownFileType = sourcecode.c.h; path = ViewController.h; sourceTree = "<group>"; };
		9B24404622365EE1004A6E34 /* ViewController.m */ = {isa = PBXFileReference; lastKnownFileType = sourcecode.c.objc; path = ViewController.m; sourceTree = "<group>"; };
		9B24404922365EE1004A6E34 /* Base */ = {isa = PBXFileReference; lastKnownFileType = file.storyboard; name = Base; path = Base.lproj/Main.storyboard; sourceTree = "<group>"; };
		9B24404B22365EE2004A6E34 /* Assets.xcassets */ = {isa = PBXFileReference; lastKnownFileType = folder.assetcatalog; path = Assets.xcassets; sourceTree = "<group>"; };
		9B24404E22365EE2004A6E34 /* Base */ = {isa = PBXFileReference; lastKnownFileType = file.storyboard; name = Base; path = Base.lproj/LaunchScreen.storyboard; sourceTree = "<group>"; };
		9B24405022365EE2004A6E34 /* Info.plist */ = {isa = PBXFileReference; lastKnownFileType = text.plist.xml; path = Info.plist; sourceTree = "<group>"; };
		9B24405122365EE2004A6E34 /* main.m */ = {isa = PBXFileReference; lastKnownFileType = sourcecode.c.objc; path = main.m; sourceTree = "<group>"; };
		9B244058223666AD004A6E34 /* DWAlbumManager.h */ = {isa = PBXFileReference; lastKnownFileType = sourcecode.c.h; path = DWAlbumManager.h; sourceTree = "<group>"; };
		9B244059223666AD004A6E34 /* DWAlbumManager.m */ = {isa = PBXFileReference; lastKnownFileType = sourcecode.c.objc; path = DWAlbumManager.m; sourceTree = "<group>"; };
		9B2EEA2E2289A75700D7B7FF /* DWImagePreviewController.bundle */ = {isa = PBXFileReference; lastKnownFileType = "wrapper.plug-in"; path = DWImagePreviewController.bundle; sourceTree = "<group>"; };
		9B83ED48225CD71A005A9125 /* icon.png */ = {isa = PBXFileReference; lastKnownFileType = image.png; path = icon.png; sourceTree = "<group>"; };
		9B92B5F922AE4D710028298A /* DWImageVideoView.h */ = {isa = PBXFileReference; lastKnownFileType = sourcecode.c.h; path = DWImageVideoView.h; sourceTree = "<group>"; };
		9B92B5FA22AE4D710028298A /* DWImageVideoView.m */ = {isa = PBXFileReference; lastKnownFileType = sourcecode.c.objc; path = DWImageVideoView.m; sourceTree = "<group>"; };
		9BCA5CC322684F2E002AA175 /* DWImagePreviewController.h */ = {isa = PBXFileReference; lastKnownFileType = sourcecode.c.h; path = DWImagePreviewController.h; sourceTree = "<group>"; };
		9BCA5CC422684F2E002AA175 /* DWImagePreviewController.m */ = {isa = PBXFileReference; lastKnownFileType = sourcecode.c.objc; path = DWImagePreviewController.m; sourceTree = "<group>"; };
		9BCA5CC622688DED002AA175 /* DWImagePreviewCell.h */ = {isa = PBXFileReference; lastKnownFileType = sourcecode.c.h; path = DWImagePreviewCell.h; sourceTree = "<group>"; };
		9BCA5CC722688DED002AA175 /* DWImagePreviewCell.m */ = {isa = PBXFileReference; lastKnownFileType = sourcecode.c.objc; path = DWImagePreviewCell.m; sourceTree = "<group>"; };
		9BFD273D225E3EE6009B27D6 /* video.mp4 */ = {isa = PBXFileReference; lastKnownFileType = file; path = video.mp4; sourceTree = "<group>"; };
		9BFD274822603089009B27D6 /* DWImagePickerController.h */ = {isa = PBXFileReference; lastKnownFileType = sourcecode.c.h; path = DWImagePickerController.h; sourceTree = "<group>"; };
		9BFD274922603089009B27D6 /* DWImagePickerController.m */ = {isa = PBXFileReference; lastKnownFileType = sourcecode.c.objc; path = DWImagePickerController.m; sourceTree = "<group>"; };
		9BFD274B2260769D009B27D6 /* zh-Hans */ = {isa = PBXFileReference; lastKnownFileType = text.plist.strings; name = "zh-Hans"; path = "zh-Hans.lproj/Main.strings"; sourceTree = "<group>"; };
		9BFD274C2260769D009B27D6 /* zh-Hans */ = {isa = PBXFileReference; lastKnownFileType = text.plist.strings; name = "zh-Hans"; path = "zh-Hans.lproj/LaunchScreen.strings"; sourceTree = "<group>"; };
		B566239D1EDEE581E1FB6D38 /* libPods-DWImagePickerController.a */ = {isa = PBXFileReference; explicitFileType = archive.ar; includeInIndex = 0; path = "libPods-DWImagePickerController.a"; sourceTree = BUILT_PRODUCTS_DIR; };
/* End PBXFileReference section */

/* Begin PBXFrameworksBuildPhase section */
		9B24403C22365EE1004A6E34 /* Frameworks */ = {
			isa = PBXFrameworksBuildPhase;
			buildActionMask = 2147483647;
			files = (
				AB99CF40775617CF102F6736 /* libPods-DWImagePickerController.a in Frameworks */,
			);
			runOnlyForDeploymentPostprocessing = 0;
		};
/* End PBXFrameworksBuildPhase section */

/* Begin PBXGroup section */
		379E6721EC9566B92F8925B9 /* Pods */ = {
			isa = PBXGroup;
			children = (
				979E10F113466871E73911E6 /* Pods-DWImagePickerController.debug.xcconfig */,
				1B5AD7AEBBF446E6566CD9B0 /* Pods-DWImagePickerController.release.xcconfig */,
			);
			name = Pods;
			sourceTree = "<group>";
		};
		9B24403622365EE1004A6E34 = {
			isa = PBXGroup;
			children = (
				9B24404122365EE1004A6E34 /* DWImagePickerController */,
				9B24404022365EE1004A6E34 /* Products */,
				379E6721EC9566B92F8925B9 /* Pods */,
				A5FA307B774395EE99429D73 /* Frameworks */,
			);
			sourceTree = "<group>";
		};
		9B24404022365EE1004A6E34 /* Products */ = {
			isa = PBXGroup;
			children = (
				9B24403F22365EE1004A6E34 /* DWImagePickerController.app */,
			);
			name = Products;
			sourceTree = "<group>";
		};
		9B24404122365EE1004A6E34 /* DWImagePickerController */ = {
			isa = PBXGroup;
			children = (
				9BFD273D225E3EE6009B27D6 /* video.mp4 */,
				9B83ED48225CD71A005A9125 /* icon.png */,
				9B24404222365EE1004A6E34 /* AppDelegate.h */,
				9B24404322365EE1004A6E34 /* AppDelegate.m */,
				9B24404522365EE1004A6E34 /* ViewController.h */,
				9B24404622365EE1004A6E34 /* ViewController.m */,
				9BFD274822603089009B27D6 /* DWImagePickerController.h */,
				9BFD274922603089009B27D6 /* DWImagePickerController.m */,
				9B2EEA2E2289A75700D7B7FF /* DWImagePreviewController.bundle */,
				9BCA5CC622688DED002AA175 /* DWImagePreviewCell.h */,
				9BCA5CC722688DED002AA175 /* DWImagePreviewCell.m */,
				9B2EEA482294697F00D7B7FF /* DWPlayerView.h */,
				9B2EEA492294697F00D7B7FF /* DWPlayerView.m */,
				9BCA5CC322684F2E002AA175 /* DWImagePreviewController.h */,
				9BCA5CC422684F2E002AA175 /* DWImagePreviewController.m */,
				9B244058223666AD004A6E34 /* DWAlbumManager.h */,
				9B244059223666AD004A6E34 /* DWAlbumManager.m */,
				9B24404822365EE1004A6E34 /* Main.storyboard */,
				9B24404B22365EE2004A6E34 /* Assets.xcassets */,
				9B24404D22365EE2004A6E34 /* LaunchScreen.storyboard */,
				9B24405022365EE2004A6E34 /* Info.plist */,
				9B24405122365EE2004A6E34 /* main.m */,
				9B92B5F922AE4D710028298A /* DWImageVideoView.h */,
				9B92B5FA22AE4D710028298A /* DWImageVideoView.m */,
			);
			path = DWImagePickerController;
			sourceTree = "<group>";
		};
		A5FA307B774395EE99429D73 /* Frameworks */ = {
			isa = PBXGroup;
			children = (
				B566239D1EDEE581E1FB6D38 /* libPods-DWImagePickerController.a */,
			);
			name = Frameworks;
			sourceTree = "<group>";
		};
/* End PBXGroup section */

/* Begin PBXNativeTarget section */
		9B24403E22365EE1004A6E34 /* DWImagePickerController */ = {
			isa = PBXNativeTarget;
			buildConfigurationList = 9B24405522365EE2004A6E34 /* Build configuration list for PBXNativeTarget "DWImagePickerController" */;
			buildPhases = (
				A20FE52BE42D7F51D56B50FF /* [CP] Check Pods Manifest.lock */,
				9B24403B22365EE1004A6E34 /* Sources */,
				9B24403C22365EE1004A6E34 /* Frameworks */,
				9B24403D22365EE1004A6E34 /* Resources */,
				A1C5048F70B181C1FFE36A14 /* [CP] Copy Pods Resources */,
			);
			buildRules = (
			);
			dependencies = (
			);
			name = DWImagePickerController;
			productName = DWImagePickerController;
			productReference = 9B24403F22365EE1004A6E34 /* DWImagePickerController.app */;
			productType = "com.apple.product-type.application";
		};
/* End PBXNativeTarget section */

/* Begin PBXProject section */
		9B24403722365EE1004A6E34 /* Project object */ = {
			isa = PBXProject;
			attributes = {
				LastUpgradeCheck = 1010;
				ORGANIZATIONNAME = Wicky;
				TargetAttributes = {
					9B24403E22365EE1004A6E34 = {
						CreatedOnToolsVersion = 10.1;
					};
				};
			};
			buildConfigurationList = 9B24403A22365EE1004A6E34 /* Build configuration list for PBXProject "DWImagePickerController" */;
			compatibilityVersion = "Xcode 9.3";
			developmentRegion = en;
			hasScannedForEncodings = 0;
			knownRegions = (
				en,
				Base,
				"zh-Hans",
			);
			mainGroup = 9B24403622365EE1004A6E34;
			productRefGroup = 9B24404022365EE1004A6E34 /* Products */;
			projectDirPath = "";
			projectRoot = "";
			targets = (
				9B24403E22365EE1004A6E34 /* DWImagePickerController */,
			);
		};
/* End PBXProject section */

/* Begin PBXResourcesBuildPhase section */
		9B24403D22365EE1004A6E34 /* Resources */ = {
			isa = PBXResourcesBuildPhase;
			buildActionMask = 2147483647;
			files = (
				9B83ED49225CD71A005A9125 /* icon.png in Resources */,
				9BFD273E225E3F81009B27D6 /* video.mp4 in Resources */,
				9B24404F22365EE2004A6E34 /* LaunchScreen.storyboard in Resources */,
				9B24404C22365EE2004A6E34 /* Assets.xcassets in Resources */,
				9B24404A22365EE1004A6E34 /* Main.storyboard in Resources */,
				9B2EEA2F2289A75800D7B7FF /* DWImagePreviewController.bundle in Resources */,
			);
			runOnlyForDeploymentPostprocessing = 0;
		};
/* End PBXResourcesBuildPhase section */

/* Begin PBXShellScriptBuildPhase section */
		A1C5048F70B181C1FFE36A14 /* [CP] Copy Pods Resources */ = {
			isa = PBXShellScriptBuildPhase;
			buildActionMask = 2147483647;
			files = (
			);
			inputPaths = (
				"${SRCROOT}/Pods/Target Support Files/Pods-DWImagePickerController/Pods-DWImagePickerController-resources.sh",
				"${PODS_ROOT}/DWCheckBox/DWCheckBox/DWCheckBoxBundle.bundle",
				"${PODS_ROOT}/DWLogger/DWLogger/DWLoggerBundle.bundle",
				"${PODS_ROOT}/DWTableViewHelper/DWTableViewHelper/DWTableViewHelperResource.bundle",
			);
			name = "[CP] Copy Pods Resources";
			outputPaths = (
				"${TARGET_BUILD_DIR}/${UNLOCALIZED_RESOURCES_FOLDER_PATH}/DWCheckBoxBundle.bundle",
				"${TARGET_BUILD_DIR}/${UNLOCALIZED_RESOURCES_FOLDER_PATH}/DWLoggerBundle.bundle",
				"${TARGET_BUILD_DIR}/${UNLOCALIZED_RESOURCES_FOLDER_PATH}/DWTableViewHelperResource.bundle",
			);
			runOnlyForDeploymentPostprocessing = 0;
			shellPath = /bin/sh;
			shellScript = "\"${SRCROOT}/Pods/Target Support Files/Pods-DWImagePickerController/Pods-DWImagePickerController-resources.sh\"\n";
			showEnvVarsInLog = 0;
		};
		A20FE52BE42D7F51D56B50FF /* [CP] Check Pods Manifest.lock */ = {
			isa = PBXShellScriptBuildPhase;
			buildActionMask = 2147483647;
			files = (
			);
			inputPaths = (
				"${PODS_PODFILE_DIR_PATH}/Podfile.lock",
				"${PODS_ROOT}/Manifest.lock",
			);
			name = "[CP] Check Pods Manifest.lock";
			outputPaths = (
				"$(DERIVED_FILE_DIR)/Pods-DWImagePickerController-checkManifestLockResult.txt",
			);
			runOnlyForDeploymentPostprocessing = 0;
			shellPath = /bin/sh;
			shellScript = "diff \"${PODS_PODFILE_DIR_PATH}/Podfile.lock\" \"${PODS_ROOT}/Manifest.lock\" > /dev/null\nif [ $? != 0 ] ; then\n    # print error to STDERR\n    echo \"error: The sandbox is not in sync with the Podfile.lock. Run 'pod install' or update your CocoaPods installation.\" >&2\n    exit 1\nfi\n# This output is used by Xcode 'outputs' to avoid re-running this script phase.\necho \"SUCCESS\" > \"${SCRIPT_OUTPUT_FILE_0}\"\n";
			showEnvVarsInLog = 0;
		};
/* End PBXShellScriptBuildPhase section */

/* Begin PBXSourcesBuildPhase section */
		9B24403B22365EE1004A6E34 /* Sources */ = {
			isa = PBXSourcesBuildPhase;
			buildActionMask = 2147483647;
			files = (
				9B24405A223666AD004A6E34 /* DWAlbumManager.m in Sources */,
				9BCA5CC822688DED002AA175 /* DWImagePreviewCell.m in Sources */,
				9BCA5CC522684F2E002AA175 /* DWImagePreviewController.m in Sources */,
				9B2EEA4A2294697F00D7B7FF /* DWPlayerView.m in Sources */,
				9BFD274A22603089009B27D6 /* DWImagePickerController.m in Sources */,
				9B24404722365EE1004A6E34 /* ViewController.m in Sources */,
				9B92B5FB22AE4D710028298A /* DWImageVideoView.m in Sources */,
				9B24405222365EE2004A6E34 /* main.m in Sources */,
				9B24404422365EE1004A6E34 /* AppDelegate.m in Sources */,
			);
			runOnlyForDeploymentPostprocessing = 0;
		};
/* End PBXSourcesBuildPhase section */

/* Begin PBXVariantGroup section */
		9B24404822365EE1004A6E34 /* Main.storyboard */ = {
			isa = PBXVariantGroup;
			children = (
				9B24404922365EE1004A6E34 /* Base */,
				9BFD274B2260769D009B27D6 /* zh-Hans */,
			);
			name = Main.storyboard;
			sourceTree = "<group>";
		};
		9B24404D22365EE2004A6E34 /* LaunchScreen.storyboard */ = {
			isa = PBXVariantGroup;
			children = (
				9B24404E22365EE2004A6E34 /* Base */,
				9BFD274C2260769D009B27D6 /* zh-Hans */,
			);
			name = LaunchScreen.storyboard;
			sourceTree = "<group>";
		};
/* End PBXVariantGroup section */

/* Begin XCBuildConfiguration section */
		9B24405322365EE2004A6E34 /* Debug */ = {
			isa = XCBuildConfiguration;
			buildSettings = {
				ALWAYS_SEARCH_USER_PATHS = NO;
				CLANG_ANALYZER_LOCALIZABILITY_NONLOCALIZED = YES;
				CLANG_ANALYZER_NONNULL = YES;
				CLANG_ANALYZER_NUMBER_OBJECT_CONVERSION = YES_AGGRESSIVE;
				CLANG_CXX_LANGUAGE_STANDARD = "gnu++14";
				CLANG_CXX_LIBRARY = "libc++";
				CLANG_ENABLE_MODULES = YES;
				CLANG_ENABLE_OBJC_ARC = YES;
				CLANG_ENABLE_OBJC_WEAK = YES;
				CLANG_WARN_BLOCK_CAPTURE_AUTORELEASING = YES;
				CLANG_WARN_BOOL_CONVERSION = YES;
				CLANG_WARN_COMMA = YES;
				CLANG_WARN_CONSTANT_CONVERSION = YES;
				CLANG_WARN_DEPRECATED_OBJC_IMPLEMENTATIONS = YES;
				CLANG_WARN_DIRECT_OBJC_ISA_USAGE = YES_ERROR;
				CLANG_WARN_DOCUMENTATION_COMMENTS = YES;
				CLANG_WARN_EMPTY_BODY = YES;
				CLANG_WARN_ENUM_CONVERSION = YES;
				CLANG_WARN_INFINITE_RECURSION = YES;
				CLANG_WARN_INT_CONVERSION = YES;
				CLANG_WARN_NON_LITERAL_NULL_CONVERSION = YES;
				CLANG_WARN_OBJC_IMPLICIT_RETAIN_SELF = YES;
				CLANG_WARN_OBJC_LITERAL_CONVERSION = YES;
				CLANG_WARN_OBJC_ROOT_CLASS = YES_ERROR;
				CLANG_WARN_RANGE_LOOP_ANALYSIS = YES;
				CLANG_WARN_STRICT_PROTOTYPES = YES;
				CLANG_WARN_SUSPICIOUS_MOVE = YES;
				CLANG_WARN_UNGUARDED_AVAILABILITY = YES_AGGRESSIVE;
				CLANG_WARN_UNREACHABLE_CODE = YES;
				CLANG_WARN__DUPLICATE_METHOD_MATCH = YES;
				CODE_SIGN_IDENTITY = "iPhone Developer";
				COPY_PHASE_STRIP = NO;
				DEBUG_INFORMATION_FORMAT = dwarf;
				ENABLE_STRICT_OBJC_MSGSEND = YES;
				ENABLE_TESTABILITY = YES;
				GCC_C_LANGUAGE_STANDARD = gnu11;
				GCC_DYNAMIC_NO_PIC = NO;
				GCC_NO_COMMON_BLOCKS = YES;
				GCC_OPTIMIZATION_LEVEL = 0;
				GCC_PREPROCESSOR_DEFINITIONS = (
					"DEBUG=1",
					"$(inherited)",
				);
				GCC_WARN_64_TO_32_BIT_CONVERSION = YES;
				GCC_WARN_ABOUT_RETURN_TYPE = YES_ERROR;
				GCC_WARN_UNDECLARED_SELECTOR = YES;
				GCC_WARN_UNINITIALIZED_AUTOS = YES_AGGRESSIVE;
				GCC_WARN_UNUSED_FUNCTION = YES;
				GCC_WARN_UNUSED_VARIABLE = YES;
				IPHONEOS_DEPLOYMENT_TARGET = 12.1;
				MTL_ENABLE_DEBUG_INFO = INCLUDE_SOURCE;
				MTL_FAST_MATH = YES;
				ONLY_ACTIVE_ARCH = YES;
				SDKROOT = iphoneos;
			};
			name = Debug;
		};
		9B24405422365EE2004A6E34 /* Release */ = {
			isa = XCBuildConfiguration;
			buildSettings = {
				ALWAYS_SEARCH_USER_PATHS = NO;
				CLANG_ANALYZER_LOCALIZABILITY_NONLOCALIZED = YES;
				CLANG_ANALYZER_NONNULL = YES;
				CLANG_ANALYZER_NUMBER_OBJECT_CONVERSION = YES_AGGRESSIVE;
				CLANG_CXX_LANGUAGE_STANDARD = "gnu++14";
				CLANG_CXX_LIBRARY = "libc++";
				CLANG_ENABLE_MODULES = YES;
				CLANG_ENABLE_OBJC_ARC = YES;
				CLANG_ENABLE_OBJC_WEAK = YES;
				CLANG_WARN_BLOCK_CAPTURE_AUTORELEASING = YES;
				CLANG_WARN_BOOL_CONVERSION = YES;
				CLANG_WARN_COMMA = YES;
				CLANG_WARN_CONSTANT_CONVERSION = YES;
				CLANG_WARN_DEPRECATED_OBJC_IMPLEMENTATIONS = YES;
				CLANG_WARN_DIRECT_OBJC_ISA_USAGE = YES_ERROR;
				CLANG_WARN_DOCUMENTATION_COMMENTS = YES;
				CLANG_WARN_EMPTY_BODY = YES;
				CLANG_WARN_ENUM_CONVERSION = YES;
				CLANG_WARN_INFINITE_RECURSION = YES;
				CLANG_WARN_INT_CONVERSION = YES;
				CLANG_WARN_NON_LITERAL_NULL_CONVERSION = YES;
				CLANG_WARN_OBJC_IMPLICIT_RETAIN_SELF = YES;
				CLANG_WARN_OBJC_LITERAL_CONVERSION = YES;
				CLANG_WARN_OBJC_ROOT_CLASS = YES_ERROR;
				CLANG_WARN_RANGE_LOOP_ANALYSIS = YES;
				CLANG_WARN_STRICT_PROTOTYPES = YES;
				CLANG_WARN_SUSPICIOUS_MOVE = YES;
				CLANG_WARN_UNGUARDED_AVAILABILITY = YES_AGGRESSIVE;
				CLANG_WARN_UNREACHABLE_CODE = YES;
				CLANG_WARN__DUPLICATE_METHOD_MATCH = YES;
				CODE_SIGN_IDENTITY = "iPhone Developer";
				COPY_PHASE_STRIP = NO;
				DEBUG_INFORMATION_FORMAT = "dwarf-with-dsym";
				ENABLE_NS_ASSERTIONS = NO;
				ENABLE_STRICT_OBJC_MSGSEND = YES;
				GCC_C_LANGUAGE_STANDARD = gnu11;
				GCC_NO_COMMON_BLOCKS = YES;
				GCC_WARN_64_TO_32_BIT_CONVERSION = YES;
				GCC_WARN_ABOUT_RETURN_TYPE = YES_ERROR;
				GCC_WARN_UNDECLARED_SELECTOR = YES;
				GCC_WARN_UNINITIALIZED_AUTOS = YES_AGGRESSIVE;
				GCC_WARN_UNUSED_FUNCTION = YES;
				GCC_WARN_UNUSED_VARIABLE = YES;
				IPHONEOS_DEPLOYMENT_TARGET = 12.1;
				MTL_ENABLE_DEBUG_INFO = NO;
				MTL_FAST_MATH = YES;
				SDKROOT = iphoneos;
				VALIDATE_PRODUCT = YES;
			};
			name = Release;
		};
		9B24405622365EE2004A6E34 /* Debug */ = {
			isa = XCBuildConfiguration;
			baseConfigurationReference = 979E10F113466871E73911E6 /* Pods-DWImagePickerController.debug.xcconfig */;
			buildSettings = {
				ASSETCATALOG_COMPILER_APPICON_NAME = AppIcon;
				CODE_SIGN_IDENTITY = "iPhone Developer";
				CODE_SIGN_STYLE = Automatic;
				DEVELOPMENT_TEAM = Z26Y87B8NH;
				INFOPLIST_FILE = DWImagePickerController/Info.plist;
				IPHONEOS_DEPLOYMENT_TARGET = 12.0;
				LD_RUNPATH_SEARCH_PATHS = (
					"$(inherited)",
					"@executable_path/Frameworks",
				);
				PRODUCT_BUNDLE_IDENTIFIER = Wicky.DWImagePickerController;
				PRODUCT_NAME = "$(TARGET_NAME)";
				PROVISIONING_PROFILE_SPECIFIER = "";
				TARGETED_DEVICE_FAMILY = "1,2";
			};
			name = Debug;
		};
		9B24405722365EE2004A6E34 /* Release */ = {
			isa = XCBuildConfiguration;
			baseConfigurationReference = 1B5AD7AEBBF446E6566CD9B0 /* Pods-DWImagePickerController.release.xcconfig */;
			buildSettings = {
				ASSETCATALOG_COMPILER_APPICON_NAME = AppIcon;
				CODE_SIGN_IDENTITY = "iPhone Developer";
				CODE_SIGN_STYLE = Automatic;
				DEVELOPMENT_TEAM = Z26Y87B8NH;
				INFOPLIST_FILE = DWImagePickerController/Info.plist;
				IPHONEOS_DEPLOYMENT_TARGET = 12.0;
				LD_RUNPATH_SEARCH_PATHS = (
					"$(inherited)",
					"@executable_path/Frameworks",
				);
				PRODUCT_BUNDLE_IDENTIFIER = Wicky.DWImagePickerController;
				PRODUCT_NAME = "$(TARGET_NAME)";
				PROVISIONING_PROFILE_SPECIFIER = "";
				TARGETED_DEVICE_FAMILY = "1,2";
			};
			name = Release;
		};
/* End XCBuildConfiguration section */

/* Begin XCConfigurationList section */
		9B24403A22365EE1004A6E34 /* Build configuration list for PBXProject "DWImagePickerController" */ = {
			isa = XCConfigurationList;
			buildConfigurations = (
				9B24405322365EE2004A6E34 /* Debug */,
				9B24405422365EE2004A6E34 /* Release */,
			);
			defaultConfigurationIsVisible = 0;
			defaultConfigurationName = Release;
		};
		9B24405522365EE2004A6E34 /* Build configuration list for PBXNativeTarget "DWImagePickerController" */ = {
			isa = XCConfigurationList;
			buildConfigurations = (
				9B24405622365EE2004A6E34 /* Debug */,
				9B24405722365EE2004A6E34 /* Release */,
			);
			defaultConfigurationIsVisible = 0;
			defaultConfigurationName = Release;
		};
/* End XCConfigurationList section */
	};
	rootObject = 9B24403722365EE1004A6E34 /* Project object */;
}
