PODS:
  - DWImagePickerController (0.0.0.1):
    - DWKit/DWComponent/DWLabel (~> 0.0.0.10)
    - DWMediaPreviewController
  - DWKit/DWComponent/DWFixAdjustCollectionView (0.0.0.12)
  - DWKit/DWComponent/DWLabel (0.0.0.12)
  - DWKit/DWUtils/DWOperationCancelFlag (0.0.0.12)
  - DWMediaPreviewController (0.0.0.36):
    - DWKit/DWComponent/DWFixAdjustCollectionView (~> 0.0.0.12)
    - DWKit/DWUtils/DWOperationCancelFlag (~> 0.0.0.8)
    - DWPlayer (~> 0.0.0.5)
    - YYImage (~> 1.0.4)
  - DWPlayer (0.0.0.5)
  - YYImage (1.0.4):
    - YYImage/Core (= 1.0.4)
  - YYImage/Core (1.0.4)

DEPENDENCIES:
  - DWImagePickerController (from `../`)
  - DWKit/DWComponent/DWFixAdjustCollectionView

SPEC REPOS:
  https://github.com/cocoapods/specs.git:
    - DWKit
    - DWMediaPreviewController
    - DWPlayer
    - YYImage

EXTERNAL SOURCES:
  DWImagePickerController:
    :path: "../"

SPEC CHECKSUMS:
  DWImagePickerController: c45b48679e9bf2a75acb6d6e59b4d2205884bcbd
  DWKit: bcb486754a7c6421ce76ee828f69d9d0dd8ae8fc
  DWMediaPreviewController: a0212cd7b504d6b8c2221260cef843a842251320
  DWPlayer: 489f2116280123fdf4f53cf94893bb4a0f017cc1
  YYImage: 1e1b62a9997399593e4b9c4ecfbbabbf1d3f3b54

PODFILE CHECKSUM: d14030a7ba8ba122f4562809a6bac27064453701

COCOAPODS: 1.7.5
