PODS:
  - DWImagePickerController (0.0.0.1):
    - DWMediaPreviewController
  - DWKit/DWCategory/DWArrayUtils (0.0.0.10)
  - DWKit/DWComponent/DWLabel (0.0.0.10)
  - DWKit/DWUtils/DWOperationCancelFlag (0.0.0.10)
  - DWMediaPreviewController (0.0.0.13):
    - DWKit/DWCategory/DWArrayUtils (~> 0.0.0.10)
    - DWKit/DWComponent/DWLabel (~> 0.0.0.10)
    - DWKit/DWUtils/DWOperationCancelFlag (~> 0.0.0.8)
    - DWPlayer (~> 0.0.0.3)
    - YYImage (~> 1.0.4)
  - DWPlayer (0.0.0.4)
  - YYImage (1.0.4):
    - YYImage/Core (= 1.0.4)
  - YYImage/Core (1.0.4)

DEPENDENCIES:
  - DWImagePickerController (from `../`)

SPEC REPOS:
  https://github.com/cocoapods/specs.git:
    - DWKit
    - DWMediaPreviewController
    - DWPlayer
    - YYImage

EXTERNAL SOURCES:
  DWImagePickerController:
    :path: "../"

SPEC CHECKSUMS:
  DWImagePickerController: 65e104e2956ca1ab76f57f3c213267cbc4f10e57
  DWKit: d0b857eaee0941b634953bf805c27465352fca92
  DWMediaPreviewController: f760dfb6bcc6127c1c42672e9bc9f7b2068c85cd
  DWPlayer: c371dd6dce09ead6f9045cc8a84a4fcb2a7c58dd
  YYImage: 1e1b62a9997399593e4b9c4ecfbbabbf1d3f3b54

PODFILE CHECKSUM: ebdb6c1279bc583bb9af46160f66c3db71e614aa

COCOAPODS: 1.7.5
